
Microsoft Visual Studio Solution File, Format Version 12.00
# Visual Studio 15
VisualStudioVersion = 15.0.28307.1972
MinimumVisualStudioVersion = 10.0.40219.1
Project("{FAE04EC0-301F-11D3-BF4B-00C04F79EFBC}") = "Homework1", "Homework1\Homework1.csproj", "{0AA3FE4D-F241-476B-A603-EE3B8F8769D3}"
EndProject
Global
	GlobalSection(SolutionConfigurationPlatforms) = preSolution
		Debug|Any CPU = Debug|Any CPU
		Release|Any CPU = Release|Any CPU
	EndGlobalSection
	GlobalSection(ProjectConfigurationPlatforms) = postSolution
		{0AA3FE4D-F241-476B-A603-EE3B8F8769D3}.Debug|Any CPU.ActiveCfg = Debug|Any CPU
		{0AA3FE4D-F241-476B-A603-EE3B8F8769D3}.Debug|Any CPU.Build.0 = Debug|Any CPU
		{0AA3FE4D-F241-476B-A603-EE3B8F8769D3}.Release|Any CPU.ActiveCfg = Release|Any CPU
		{0AA3FE4D-F241-476B-A603-EE3B8F8769D3}.Release|Any CPU.Build.0 = Release|Any CPU
	EndGlobalSection
	GlobalSection(SolutionProperties) = preSolution
		HideSolutionNode = FALSE
	EndGlobalSection
	GlobalSection(ExtensibilityGlobals) = postSolution
		SolutionGuid = {2EF7F351-6993-4800-AC5C-C65A5F8179B8}
	EndGlobalSection
EndGlobal
