
Microsoft Visual Studio Solution File, Format Version 12.00
# Visual Studio 15
VisualStudioVersion = 15.0.28307.1972
MinimumVisualStudioVersion = 10.0.40219.1
Project("{FAE04EC0-301F-11D3-BF4B-00C04F79EFBC}") = "Homework1", "Homework1\Homework1.csproj", "{1B449887-4DDB-4B78-B76A-DA2C49840669}"
EndProject
Global
	GlobalSection(SolutionConfigurationPlatforms) = preSolution
		Debug|Any CPU = Debug|Any CPU
		Release|Any CPU = Release|Any CPU
	EndGlobalSection
	GlobalSection(ProjectConfigurationPlatforms) = postSolution
		{1B449887-4DDB-4B78-B76A-DA2C49840669}.Debug|Any CPU.ActiveCfg = Debug|Any CPU
		{1B449887-4DDB-4B78-B76A-DA2C49840669}.Debug|Any CPU.Build.0 = Debug|Any CPU
		{1B449887-4DDB-4B78-B76A-DA2C49840669}.Release|Any CPU.ActiveCfg = Release|Any CPU
		{1B449887-4DDB-4B78-B76A-DA2C49840669}.Release|Any CPU.Build.0 = Release|Any CPU
	EndGlobalSection
	GlobalSection(SolutionProperties) = preSolution
		HideSolutionNode = FALSE
	EndGlobalSection
	GlobalSection(ExtensibilityGlobals) = postSolution
		SolutionGuid = {B4174E37-BEF6-4640-83F2-2D32E9E51C74}
	EndGlobalSection
EndGlobal
