
Microsoft Visual Studio Solution File, Format Version 12.00
# Visual Studio 15
VisualStudioVersion = 15.0.28307.1972
MinimumVisualStudioVersion = 10.0.40219.1
Project("{FAE04EC0-301F-11D3-BF4B-00C04F79EFBC}") = "Homework_4", "Homework_4\Homework_4.csproj", "{E3CE88D9-19CD-4FC0-A81C-956F7C19382A}"
EndProject
Global
	GlobalSection(SolutionConfigurationPlatforms) = preSolution
		Debug|Any CPU = Debug|Any CPU
		Release|Any CPU = Release|Any CPU
	EndGlobalSection
	GlobalSection(ProjectConfigurationPlatforms) = postSolution
		{E3CE88D9-19CD-4FC0-A81C-956F7C19382A}.Debug|Any CPU.ActiveCfg = Debug|Any CPU
		{E3CE88D9-19CD-4FC0-A81C-956F7C19382A}.Debug|Any CPU.Build.0 = Debug|Any CPU
		{E3CE88D9-19CD-4FC0-A81C-956F7C19382A}.Release|Any CPU.ActiveCfg = Release|Any CPU
		{E3CE88D9-19CD-4FC0-A81C-956F7C19382A}.Release|Any CPU.Build.0 = Release|Any CPU
	EndGlobalSection
	GlobalSection(SolutionProperties) = preSolution
		HideSolutionNode = FALSE
	EndGlobalSection
	GlobalSection(ExtensibilityGlobals) = postSolution
		SolutionGuid = {7E88D3C5-18AF-47B7-BE2D-5035B764A602}
	EndGlobalSection
EndGlobal
