
Microsoft Visual Studio Solution File, Format Version 12.00
# Visual Studio 15
VisualStudioVersion = 15.0.28307.1972
MinimumVisualStudioVersion = 10.0.40219.1
Project("{FAE04EC0-301F-11D3-BF4B-00C04F79EFBC}") = "task", "task\task.csproj", "{D6DE517C-3425-4ACB-83FF-999BFA2D8ACB}"
EndProject
Global
	GlobalSection(SolutionConfigurationPlatforms) = preSolution
		Debug|Any CPU = Debug|Any CPU
		Release|Any CPU = Release|Any CPU
	EndGlobalSection
	GlobalSection(ProjectConfigurationPlatforms) = postSolution
		{D6DE517C-3425-4ACB-83FF-999BFA2D8ACB}.Debug|Any CPU.ActiveCfg = Debug|Any CPU
		{D6DE517C-3425-4ACB-83FF-999BFA2D8ACB}.Debug|Any CPU.Build.0 = Debug|Any CPU
		{D6DE517C-3425-4ACB-83FF-999BFA2D8ACB}.Release|Any CPU.ActiveCfg = Release|Any CPU
		{D6DE517C-3425-4ACB-83FF-999BFA2D8ACB}.Release|Any CPU.Build.0 = Release|Any CPU
	EndGlobalSection
	GlobalSection(SolutionProperties) = preSolution
		HideSolutionNode = FALSE
	EndGlobalSection
	GlobalSection(ExtensibilityGlobals) = postSolution
		SolutionGuid = {832A3F25-7802-41B1-AB28-79C311708C86}
	EndGlobalSection
EndGlobal
