
Microsoft Visual Studio Solution File, Format Version 12.00
# Visual Studio 15
VisualStudioVersion = 15.0.28307.1972
MinimumVisualStudioVersion = 10.0.40219.1
Project("{FAE04EC0-301F-11D3-BF4B-00C04F79EFBC}") = "Homework3", "Homework3\Homework3.csproj", "{DFD040EF-37EF-4066-9DCB-65E535955EEF}"
EndProject
Global
	GlobalSection(SolutionConfigurationPlatforms) = preSolution
		Debug|Any CPU = Debug|Any CPU
		Release|Any CPU = Release|Any CPU
	EndGlobalSection
	GlobalSection(ProjectConfigurationPlatforms) = postSolution
		{DFD040EF-37EF-4066-9DCB-65E535955EEF}.Debug|Any CPU.ActiveCfg = Debug|Any CPU
		{DFD040EF-37EF-4066-9DCB-65E535955EEF}.Debug|Any CPU.Build.0 = Debug|Any CPU
		{DFD040EF-37EF-4066-9DCB-65E535955EEF}.Release|Any CPU.ActiveCfg = Release|Any CPU
		{DFD040EF-37EF-4066-9DCB-65E535955EEF}.Release|Any CPU.Build.0 = Release|Any CPU
	EndGlobalSection
	GlobalSection(SolutionProperties) = preSolution
		HideSolutionNode = FALSE
	EndGlobalSection
	GlobalSection(ExtensibilityGlobals) = postSolution
		SolutionGuid = {8163AC14-A89B-4366-86A4-7526770D20A7}
	EndGlobalSection
EndGlobal
