
Microsoft Visual Studio Solution File, Format Version 12.00
# Visual Studio 15
VisualStudioVersion = 15.0.28307.1972
MinimumVisualStudioVersion = 10.0.40219.1
Project("{FAE04EC0-301F-11D3-BF4B-00C04F79EFBC}") = "Homework4", "Homework4\Homework4.csproj", "{38CBFAC2-4A0C-4507-9381-9A85AED42610}"
EndProject
Global
	GlobalSection(SolutionConfigurationPlatforms) = preSolution
		Debug|Any CPU = Debug|Any CPU
		Release|Any CPU = Release|Any CPU
	EndGlobalSection
	GlobalSection(ProjectConfigurationPlatforms) = postSolution
		{38CBFAC2-4A0C-4507-9381-9A85AED42610}.Debug|Any CPU.ActiveCfg = Debug|Any CPU
		{38CBFAC2-4A0C-4507-9381-9A85AED42610}.Debug|Any CPU.Build.0 = Debug|Any CPU
		{38CBFAC2-4A0C-4507-9381-9A85AED42610}.Release|Any CPU.ActiveCfg = Release|Any CPU
		{38CBFAC2-4A0C-4507-9381-9A85AED42610}.Release|Any CPU.Build.0 = Release|Any CPU
	EndGlobalSection
	GlobalSection(SolutionProperties) = preSolution
		HideSolutionNode = FALSE
	EndGlobalSection
	GlobalSection(ExtensibilityGlobals) = postSolution
		SolutionGuid = {8F668D39-B01C-4989-9303-D8D0799D113D}
	EndGlobalSection
EndGlobal
