
Microsoft Visual Studio Solution File, Format Version 12.00
# Visual Studio 15
VisualStudioVersion = 15.0.28307.1972
MinimumVisualStudioVersion = 10.0.40219.1
Project("{FAE04EC0-301F-11D3-BF4B-00C04F79EFBC}") = "Homework5", "Homework5\Homework5.csproj", "{A370624C-DEFD-4429-836D-2E953E90DAB0}"
EndProject
Global
	GlobalSection(SolutionConfigurationPlatforms) = preSolution
		Debug|Any CPU = Debug|Any CPU
		Release|Any CPU = Release|Any CPU
	EndGlobalSection
	GlobalSection(ProjectConfigurationPlatforms) = postSolution
		{A370624C-DEFD-4429-836D-2E953E90DAB0}.Debug|Any CPU.ActiveCfg = Debug|Any CPU
		{A370624C-DEFD-4429-836D-2E953E90DAB0}.Debug|Any CPU.Build.0 = Debug|Any CPU
		{A370624C-DEFD-4429-836D-2E953E90DAB0}.Release|Any CPU.ActiveCfg = Release|Any CPU
		{A370624C-DEFD-4429-836D-2E953E90DAB0}.Release|Any CPU.Build.0 = Release|Any CPU
	EndGlobalSection
	GlobalSection(SolutionProperties) = preSolution
		HideSolutionNode = FALSE
	EndGlobalSection
	GlobalSection(ExtensibilityGlobals) = postSolution
		SolutionGuid = {19B4FDB4-C388-4607-8AD4-B67CE4435724}
	EndGlobalSection
EndGlobal
