
Microsoft Visual Studio Solution File, Format Version 12.00
# Visual Studio 15
VisualStudioVersion = 15.0.28307.1972
MinimumVisualStudioVersion = 10.0.40219.1
Project("{FAE04EC0-301F-11D3-BF4B-00C04F79EFBC}") = "Homework3", "Homework3\Homework3.csproj", "{76061CF7-E051-428E-8DB7-D5006B6654DC}"
EndProject
Global
	GlobalSection(SolutionConfigurationPlatforms) = preSolution
		Debug|Any CPU = Debug|Any CPU
		Release|Any CPU = Release|Any CPU
	EndGlobalSection
	GlobalSection(ProjectConfigurationPlatforms) = postSolution
		{76061CF7-E051-428E-8DB7-D5006B6654DC}.Debug|Any CPU.ActiveCfg = Debug|Any CPU
		{76061CF7-E051-428E-8DB7-D5006B6654DC}.Debug|Any CPU.Build.0 = Debug|Any CPU
		{76061CF7-E051-428E-8DB7-D5006B6654DC}.Release|Any CPU.ActiveCfg = Release|Any CPU
		{76061CF7-E051-428E-8DB7-D5006B6654DC}.Release|Any CPU.Build.0 = Release|Any CPU
	EndGlobalSection
	GlobalSection(SolutionProperties) = preSolution
		HideSolutionNode = FALSE
	EndGlobalSection
	GlobalSection(ExtensibilityGlobals) = postSolution
		SolutionGuid = {676F8041-6B4E-42A8-BB4B-D1E8B8F781F0}
	EndGlobalSection
EndGlobal
